
Microsoft Visual Studio Solution File, Format Version 12.00
# Visual Studio Version 16
VisualStudioVersion = 16.0.30711.63
MinimumVisualStudioVersion = 10.0.40219.1
Project("{9A19103F-16F7-4668-BE54-9A1E7A4F7556}") = "Phish.Wrapper.App", "Phish.Wrapper.App\Phish.Wrapper.App.csproj", "{0932A972-E51D-4735-8F1C-814BFA8C728D}"
EndProject
Project("{9A19103F-16F7-4668-BE54-9A1E7A4F7556}") = "Phish.Wrapper.Models", "Phish.Wrapper.Models\Phish.Wrapper.Models.csproj", "{D30F5CE2-37B2-4BA1-9543-B37F588F4EC4}"
EndProject
Project("{FAE04EC0-301F-11D3-BF4B-00C04F79EFBC}") = "Phish.Wrapper.Core", "Phish.Wrapper.Core\Phish.Wrapper.Core.csproj", "{DA3D194D-8144-4A8C-BDF2-78616DFFE29C}"
EndProject
Global
	GlobalSection(SolutionConfigurationPlatforms) = preSolution
		Debug|Any CPU = Debug|Any CPU
		Release|Any CPU = Release|Any CPU
	EndGlobalSection
	GlobalSection(ProjectConfigurationPlatforms) = postSolution
		{0932A972-E51D-4735-8F1C-814BFA8C728D}.Debug|Any CPU.ActiveCfg = Debug|Any CPU
		{0932A972-E51D-4735-8F1C-814BFA8C728D}.Debug|Any CPU.Build.0 = Debug|Any CPU
		{0932A972-E51D-4735-8F1C-814BFA8C728D}.Release|Any CPU.ActiveCfg = Release|Any CPU
		{0932A972-E51D-4735-8F1C-814BFA8C728D}.Release|Any CPU.Build.0 = Release|Any CPU
		{D30F5CE2-37B2-4BA1-9543-B37F588F4EC4}.Debug|Any CPU.ActiveCfg = Debug|Any CPU
		{D30F5CE2-37B2-4BA1-9543-B37F588F4EC4}.Debug|Any CPU.Build.0 = Debug|Any CPU
		{D30F5CE2-37B2-4BA1-9543-B37F588F4EC4}.Release|Any CPU.ActiveCfg = Release|Any CPU
		{D30F5CE2-37B2-4BA1-9543-B37F588F4EC4}.Release|Any CPU.Build.0 = Release|Any CPU
		{DA3D194D-8144-4A8C-BDF2-78616DFFE29C}.Debug|Any CPU.ActiveCfg = Debug|Any CPU
		{DA3D194D-8144-4A8C-BDF2-78616DFFE29C}.Debug|Any CPU.Build.0 = Debug|Any CPU
		{DA3D194D-8144-4A8C-BDF2-78616DFFE29C}.Release|Any CPU.ActiveCfg = Release|Any CPU
		{DA3D194D-8144-4A8C-BDF2-78616DFFE29C}.Release|Any CPU.Build.0 = Release|Any CPU
	EndGlobalSection
	GlobalSection(SolutionProperties) = preSolution
		HideSolutionNode = FALSE
	EndGlobalSection
	GlobalSection(ExtensibilityGlobals) = postSolution
		SolutionGuid = {BD4D4F01-FC04-4226-931E-9A4CED0F0186}
	EndGlobalSection
EndGlobal
